
Microsoft Visual Studio Solution File, Format Version 12.00
# Visual Studio 2013
VisualStudioVersion = 12.0.21005.1
MinimumVisualStudioVersion = 10.0.40219.1
Project("{8BC9CEB8-8B4A-11D0-8D11-00A0C91BC942}") = "hq1", "hq1\hq1.vcxproj", "{263D7FD1-29F3-4B8B-B252-5265B1E00666}"
EndProject
Project("{8BC9CEB8-8B4A-11D0-8D11-00A0C91BC942}") = "hq10", "hq10\hq10.vcxproj", "{FB74E6C1-B5E2-4722-B7DA-C2850699A565}"
EndProject
Project("{059D6162-CD51-11D0-AE1F-00A0C90FFFC3}") = "hq11", "hq11\hq11.dsp", "{8AC56271-863F-493C-808B-F033A4D68722}"
EndProject
Project("{8BC9CEB8-8B4A-11D0-8D11-00A0C91BC942}") = "hq2", "hq2\hq2.vcxproj", "{EB5547F4-6EC1-4436-9743-CD8C263A01F1}"
EndProject
Project("{8BC9CEB8-8B4A-11D0-8D11-00A0C91BC942}") = "hq3", "hq3\hq3.vcxproj", "{839C5FD9-D6FC-429C-87FA-0ABD291D08E3}"
EndProject
Project("{8BC9CEB8-8B4A-11D0-8D11-00A0C91BC942}") = "hq4", "hq4\hq4.vcxproj", "{86E5341D-5150-45AB-A99D-2EF9024F2929}"
EndProject
Project("{8BC9CEB8-8B4A-11D0-8D11-00A0C91BC942}") = "hq5", "hq5\hq5.vcxproj", "{3DBC24EF-F4B8-4DDB-AF10-1FBAB97F4979}"
EndProject
Project("{8BC9CEB8-8B4A-11D0-8D11-00A0C91BC942}") = "hq5_2", "hq5_2\hq5_2.vcxproj", "{C070B607-6A6E-4420-AE33-4968EA1A0AF7}"
EndProject
Project("{8BC9CEB8-8B4A-11D0-8D11-00A0C91BC942}") = "hq6", "hq6\hq6.vcxproj", "{F2D373CE-A3B4-4565-8FB8-959A47E20DA3}"
EndProject
Project("{8BC9CEB8-8B4A-11D0-8D11-00A0C91BC942}") = "hq6_2", "hq6_2\hq6_2.vcxproj", "{9EF596D0-8233-4945-BD8C-377B8FA24F51}"
EndProject
Project("{8BC9CEB8-8B4A-11D0-8D11-00A0C91BC942}") = "hq6_3", "hq6_3\hq6_3.vcxproj", "{A22EF6E3-5353-4848-9369-1D07E8A38538}"
EndProject
Project("{8BC9CEB8-8B4A-11D0-8D11-00A0C91BC942}") = "hq8", "hq8\hq8.vcxproj", "{7A87357B-80C4-464E-87AB-D7D84A0685E6}"
EndProject
Project("{8BC9CEB8-8B4A-11D0-8D11-00A0C91BC942}") = "hq8_2", "hq8_2\hq8_2.vcxproj", "{53698AD9-E914-4377-80A1-1EE2800AF34E}"
EndProject
Project("{8BC9CEB8-8B4A-11D0-8D11-00A0C91BC942}") = "hq9", "hq9\hq9.vcxproj", "{2A043B1C-EF3D-491C-9E6F-1129845851A8}"
EndProject
Project("{059D6162-CD51-11D0-AE1F-00A0C90FFFC3}") = "text", "text\text.dsp", "{5D8572D5-40B2-4DB4-B918-16D0572A682F}"
EndProject
Global
	GlobalSection(SolutionConfigurationPlatforms) = preSolution
		Debug|Win32 = Debug|Win32
		Release|Win32 = Release|Win32
		Template|Win32 = Template|Win32
	EndGlobalSection
	GlobalSection(ProjectConfigurationPlatforms) = postSolution
		{263D7FD1-29F3-4B8B-B252-5265B1E00666}.Debug|Win32.ActiveCfg = Debug|Win32
		{263D7FD1-29F3-4B8B-B252-5265B1E00666}.Debug|Win32.Build.0 = Debug|Win32
		{263D7FD1-29F3-4B8B-B252-5265B1E00666}.Release|Win32.ActiveCfg = Release|Win32
		{263D7FD1-29F3-4B8B-B252-5265B1E00666}.Release|Win32.Build.0 = Release|Win32
		{263D7FD1-29F3-4B8B-B252-5265B1E00666}.Template|Win32.ActiveCfg = Release|Win32
		{263D7FD1-29F3-4B8B-B252-5265B1E00666}.Template|Win32.Build.0 = Release|Win32
		{FB74E6C1-B5E2-4722-B7DA-C2850699A565}.Debug|Win32.ActiveCfg = Debug|Win32
		{FB74E6C1-B5E2-4722-B7DA-C2850699A565}.Debug|Win32.Build.0 = Debug|Win32
		{FB74E6C1-B5E2-4722-B7DA-C2850699A565}.Release|Win32.ActiveCfg = Release|Win32
		{FB74E6C1-B5E2-4722-B7DA-C2850699A565}.Release|Win32.Build.0 = Release|Win32
		{FB74E6C1-B5E2-4722-B7DA-C2850699A565}.Template|Win32.ActiveCfg = Template|Win32
		{FB74E6C1-B5E2-4722-B7DA-C2850699A565}.Template|Win32.Build.0 = Template|Win32
		{EB5547F4-6EC1-4436-9743-CD8C263A01F1}.Debug|Win32.ActiveCfg = Debug|Win32
		{EB5547F4-6EC1-4436-9743-CD8C263A01F1}.Debug|Win32.Build.0 = Debug|Win32
		{EB5547F4-6EC1-4436-9743-CD8C263A01F1}.Release|Win32.ActiveCfg = Release|Win32
		{EB5547F4-6EC1-4436-9743-CD8C263A01F1}.Release|Win32.Build.0 = Release|Win32
		{EB5547F4-6EC1-4436-9743-CD8C263A01F1}.Template|Win32.ActiveCfg = Template|Win32
		{EB5547F4-6EC1-4436-9743-CD8C263A01F1}.Template|Win32.Build.0 = Template|Win32
		{839C5FD9-D6FC-429C-87FA-0ABD291D08E3}.Debug|Win32.ActiveCfg = Debug|Win32
		{839C5FD9-D6FC-429C-87FA-0ABD291D08E3}.Debug|Win32.Build.0 = Debug|Win32
		{839C5FD9-D6FC-429C-87FA-0ABD291D08E3}.Release|Win32.ActiveCfg = Release|Win32
		{839C5FD9-D6FC-429C-87FA-0ABD291D08E3}.Release|Win32.Build.0 = Release|Win32
		{839C5FD9-D6FC-429C-87FA-0ABD291D08E3}.Template|Win32.ActiveCfg = Template|Win32
		{839C5FD9-D6FC-429C-87FA-0ABD291D08E3}.Template|Win32.Build.0 = Template|Win32
		{86E5341D-5150-45AB-A99D-2EF9024F2929}.Debug|Win32.ActiveCfg = Debug|Win32
		{86E5341D-5150-45AB-A99D-2EF9024F2929}.Debug|Win32.Build.0 = Debug|Win32
		{86E5341D-5150-45AB-A99D-2EF9024F2929}.Release|Win32.ActiveCfg = Release|Win32
		{86E5341D-5150-45AB-A99D-2EF9024F2929}.Release|Win32.Build.0 = Release|Win32
		{86E5341D-5150-45AB-A99D-2EF9024F2929}.Template|Win32.ActiveCfg = Template|Win32
		{86E5341D-5150-45AB-A99D-2EF9024F2929}.Template|Win32.Build.0 = Template|Win32
		{3DBC24EF-F4B8-4DDB-AF10-1FBAB97F4979}.Debug|Win32.ActiveCfg = Debug|Win32
		{3DBC24EF-F4B8-4DDB-AF10-1FBAB97F4979}.Debug|Win32.Build.0 = Debug|Win32
		{3DBC24EF-F4B8-4DDB-AF10-1FBAB97F4979}.Release|Win32.ActiveCfg = Release|Win32
		{3DBC24EF-F4B8-4DDB-AF10-1FBAB97F4979}.Release|Win32.Build.0 = Release|Win32
		{3DBC24EF-F4B8-4DDB-AF10-1FBAB97F4979}.Template|Win32.ActiveCfg = Template|Win32
		{3DBC24EF-F4B8-4DDB-AF10-1FBAB97F4979}.Template|Win32.Build.0 = Template|Win32
		{C070B607-6A6E-4420-AE33-4968EA1A0AF7}.Debug|Win32.ActiveCfg = Debug|Win32
		{C070B607-6A6E-4420-AE33-4968EA1A0AF7}.Debug|Win32.Build.0 = Debug|Win32
		{C070B607-6A6E-4420-AE33-4968EA1A0AF7}.Release|Win32.ActiveCfg = Release|Win32
		{C070B607-6A6E-4420-AE33-4968EA1A0AF7}.Release|Win32.Build.0 = Release|Win32
		{C070B607-6A6E-4420-AE33-4968EA1A0AF7}.Template|Win32.ActiveCfg = Template|Win32
		{C070B607-6A6E-4420-AE33-4968EA1A0AF7}.Template|Win32.Build.0 = Template|Win32
		{F2D373CE-A3B4-4565-8FB8-959A47E20DA3}.Debug|Win32.ActiveCfg = Debug|Win32
		{F2D373CE-A3B4-4565-8FB8-959A47E20DA3}.Debug|Win32.Build.0 = Debug|Win32
		{F2D373CE-A3B4-4565-8FB8-959A47E20DA3}.Release|Win32.ActiveCfg = Release|Win32
		{F2D373CE-A3B4-4565-8FB8-959A47E20DA3}.Release|Win32.Build.0 = Release|Win32
		{F2D373CE-A3B4-4565-8FB8-959A47E20DA3}.Template|Win32.ActiveCfg = Template|Win32
		{F2D373CE-A3B4-4565-8FB8-959A47E20DA3}.Template|Win32.Build.0 = Template|Win32
		{9EF596D0-8233-4945-BD8C-377B8FA24F51}.Debug|Win32.ActiveCfg = Debug|Win32
		{9EF596D0-8233-4945-BD8C-377B8FA24F51}.Debug|Win32.Build.0 = Debug|Win32
		{9EF596D0-8233-4945-BD8C-377B8FA24F51}.Release|Win32.ActiveCfg = Release|Win32
		{9EF596D0-8233-4945-BD8C-377B8FA24F51}.Release|Win32.Build.0 = Release|Win32
		{9EF596D0-8233-4945-BD8C-377B8FA24F51}.Template|Win32.ActiveCfg = Template|Win32
		{9EF596D0-8233-4945-BD8C-377B8FA24F51}.Template|Win32.Build.0 = Template|Win32
		{A22EF6E3-5353-4848-9369-1D07E8A38538}.Debug|Win32.ActiveCfg = Debug|Win32
		{A22EF6E3-5353-4848-9369-1D07E8A38538}.Debug|Win32.Build.0 = Debug|Win32
		{A22EF6E3-5353-4848-9369-1D07E8A38538}.Release|Win32.ActiveCfg = Release|Win32
		{A22EF6E3-5353-4848-9369-1D07E8A38538}.Release|Win32.Build.0 = Release|Win32
		{A22EF6E3-5353-4848-9369-1D07E8A38538}.Template|Win32.ActiveCfg = Template|Win32
		{A22EF6E3-5353-4848-9369-1D07E8A38538}.Template|Win32.Build.0 = Template|Win32
		{7A87357B-80C4-464E-87AB-D7D84A0685E6}.Debug|Win32.ActiveCfg = Debug|Win32
		{7A87357B-80C4-464E-87AB-D7D84A0685E6}.Debug|Win32.Build.0 = Debug|Win32
		{7A87357B-80C4-464E-87AB-D7D84A0685E6}.Release|Win32.ActiveCfg = Release|Win32
		{7A87357B-80C4-464E-87AB-D7D84A0685E6}.Release|Win32.Build.0 = Release|Win32
		{7A87357B-80C4-464E-87AB-D7D84A0685E6}.Template|Win32.ActiveCfg = Template|Win32
		{7A87357B-80C4-464E-87AB-D7D84A0685E6}.Template|Win32.Build.0 = Template|Win32
		{53698AD9-E914-4377-80A1-1EE2800AF34E}.Debug|Win32.ActiveCfg = Debug|Win32
		{53698AD9-E914-4377-80A1-1EE2800AF34E}.Debug|Win32.Build.0 = Debug|Win32
		{53698AD9-E914-4377-80A1-1EE2800AF34E}.Release|Win32.ActiveCfg = Release|Win32
		{53698AD9-E914-4377-80A1-1EE2800AF34E}.Release|Win32.Build.0 = Release|Win32
		{53698AD9-E914-4377-80A1-1EE2800AF34E}.Template|Win32.ActiveCfg = Template|Win32
		{53698AD9-E914-4377-80A1-1EE2800AF34E}.Template|Win32.Build.0 = Template|Win32
		{2A043B1C-EF3D-491C-9E6F-1129845851A8}.Debug|Win32.ActiveCfg = Debug|Win32
		{2A043B1C-EF3D-491C-9E6F-1129845851A8}.Debug|Win32.Build.0 = Debug|Win32
		{2A043B1C-EF3D-491C-9E6F-1129845851A8}.Release|Win32.ActiveCfg = Release|Win32
		{2A043B1C-EF3D-491C-9E6F-1129845851A8}.Release|Win32.Build.0 = Release|Win32
		{2A043B1C-EF3D-491C-9E6F-1129845851A8}.Template|Win32.ActiveCfg = Template|Win32
		{2A043B1C-EF3D-491C-9E6F-1129845851A8}.Template|Win32.Build.0 = Template|Win32
	EndGlobalSection
	GlobalSection(SolutionProperties) = preSolution
		HideSolutionNode = FALSE
	EndGlobalSection
EndGlobal
